
Microsoft Visual Studio Solution File, Format Version 12.00
# Visual Studio Version 17
VisualStudioVersion = 17.7.34024.191
MinimumVisualStudioVersion = 10.0.40219.1
Project("{FAE04EC0-301F-11D3-BF4B-00C04F79EFBC}") = "InterfazGrafica_Ejercicio6", "InterfazGrafica_Ejercicio6.csproj", "{11B5BECD-ED99-452C-8D6C-FEDA03447224}"
EndProject
Global
	GlobalSection(SolutionConfigurationPlatforms) = preSolution
		Debug|Any CPU = Debug|Any CPU
		Release|Any CPU = Release|Any CPU
	EndGlobalSection
	GlobalSection(ProjectConfigurationPlatforms) = postSolution
		{11B5BECD-ED99-452C-8D6C-FEDA03447224}.Debug|Any CPU.ActiveCfg = Debug|Any CPU
		{11B5BECD-ED99-452C-8D6C-FEDA03447224}.Debug|Any CPU.Build.0 = Debug|Any CPU
		{11B5BECD-ED99-452C-8D6C-FEDA03447224}.Release|Any CPU.ActiveCfg = Release|Any CPU
		{11B5BECD-ED99-452C-8D6C-FEDA03447224}.Release|Any CPU.Build.0 = Release|Any CPU
	EndGlobalSection
	GlobalSection(SolutionProperties) = preSolution
		HideSolutionNode = FALSE
	EndGlobalSection
	GlobalSection(ExtensibilityGlobals) = postSolution
		SolutionGuid = {0E4F0264-8E7B-4B02-BDEA-82B9A0C3C5D6}
	EndGlobalSection
EndGlobal
